
Microsoft Visual Studio Solution File, Format Version 12.00
# Visual Studio Version 17
VisualStudioVersion = 17.14.36414.22 d17.14
MinimumVisualStudioVersion = 10.0.40219.1
Project("{FAE04EC0-301F-11D3-BF4B-00C04F79EFBC}") = "asptraining", "asptraining\asptraining.csproj", "{69531954-CE4B-41E3-8792-A9532BF31974}"
EndProject
Global
	GlobalSection(SolutionConfigurationPlatforms) = preSolution
		Debug|Any CPU = Debug|Any CPU
		Release|Any CPU = Release|Any CPU
	EndGlobalSection
	GlobalSection(ProjectConfigurationPlatforms) = postSolution
		{69531954-CE4B-41E3-8792-A9532BF31974}.Debug|Any CPU.ActiveCfg = Debug|Any CPU
		{69531954-CE4B-41E3-8792-A9532BF31974}.Debug|Any CPU.Build.0 = Debug|Any CPU
		{69531954-CE4B-41E3-8792-A9532BF31974}.Release|Any CPU.ActiveCfg = Release|Any CPU
		{69531954-CE4B-41E3-8792-A9532BF31974}.Release|Any CPU.Build.0 = Release|Any CPU
	EndGlobalSection
	GlobalSection(SolutionProperties) = preSolution
		HideSolutionNode = FALSE
	EndGlobalSection
	GlobalSection(ExtensibilityGlobals) = postSolution
		SolutionGuid = {6308C74F-1864-480F-BB6D-153409094D90}
	EndGlobalSection
EndGlobal
